
Microsoft Visual Studio Solution File, Format Version 12.00
# Visual Studio Version 17
VisualStudioVersion = 17.4.33213.308
MinimumVisualStudioVersion = 10.0.40219.1
Project("{FAE04EC0-301F-11D3-BF4B-00C04F79EFBC}") = "EntityFrameworkDbFirst", "EntityFrameworkDbFirst\EntityFrameworkDbFirst.csproj", "{9ED0F383-AE72-4729-A0C8-D2FD71A195F0}"
EndProject
Global
	GlobalSection(SolutionConfigurationPlatforms) = preSolution
		Debug|Any CPU = Debug|Any CPU
		Release|Any CPU = Release|Any CPU
	EndGlobalSection
	GlobalSection(ProjectConfigurationPlatforms) = postSolution
		{9ED0F383-AE72-4729-A0C8-D2FD71A195F0}.Debug|Any CPU.ActiveCfg = Debug|Any CPU
		{9ED0F383-AE72-4729-A0C8-D2FD71A195F0}.Debug|Any CPU.Build.0 = Debug|Any CPU
		{9ED0F383-AE72-4729-A0C8-D2FD71A195F0}.Release|Any CPU.ActiveCfg = Release|Any CPU
		{9ED0F383-AE72-4729-A0C8-D2FD71A195F0}.Release|Any CPU.Build.0 = Release|Any CPU
	EndGlobalSection
	GlobalSection(SolutionProperties) = preSolution
		HideSolutionNode = FALSE
	EndGlobalSection
	GlobalSection(ExtensibilityGlobals) = postSolution
		SolutionGuid = {DF53C8F0-3D92-4A9E-8039-7FCFAB16E954}
	EndGlobalSection
EndGlobal
